// !$*UTF8*$!
{
	archiveVersion = 1;
	classes = {
	};
	objectVersion = 46;
	objects = {

/* Begin PBXBuildFile section */
		3E9E45DD5CBE517764D7088E /* libPods.a in Frameworks */ = {isa = PBXBuildFile; fileRef = 0E98AA3CD95C27B942636A2A /* libPods.a */; };
		CE0BE6821B97A2FC00071CF7 /* LoginViewController.swift in Sources */ = {isa = PBXBuildFile; fileRef = CE0BE6811B97A2FC00071CF7 /* LoginViewController.swift */; };
		CE0BE6841B99AE2B00071CF7 /* Default-568h@2x.png in Resources */ = {isa = PBXBuildFile; fileRef = CE0BE6831B99AE2B00071CF7 /* Default-568h@2x.png */; };
		CE0BE6871B9A05A200071CF7 /* User.swift in Sources */ = {isa = PBXBuildFile; fileRef = CE0BE6861B9A05A200071CF7 /* User.swift */; };
		CE0BE6891B9A098A00071CF7 /* ProfileViewController.swift in Sources */ = {isa = PBXBuildFile; fileRef = CE0BE6881B9A098A00071CF7 /* ProfileViewController.swift */; };
		CE20927D1B8E21B2008C32BE /* CardsViewController.swift in Sources */ = {isa = PBXBuildFile; fileRef = CE20927C1B8E21B2008C32BE /* CardsViewController.swift */; };
		CE2092831B93EFA1008C32BE /* Parse.framework in Frameworks */ = {isa = PBXBuildFile; fileRef = CE2092801B93EFA1008C32BE /* Parse.framework */; };
		CE2092841B93EFA1008C32BE /* ParseFacebookUtils.framework in Frameworks */ = {isa = PBXBuildFile; fileRef = CE2092811B93EFA1008C32BE /* ParseFacebookUtils.framework */; };
		CE2092861B93EFDC008C32BE /* AudioToolbox.framework in Frameworks */ = {isa = PBXBuildFile; fileRef = CE2092851B93EFDC008C32BE /* AudioToolbox.framework */; };
		CE2092881B93EFED008C32BE /* CFNetwork.framework in Frameworks */ = {isa = PBXBuildFile; fileRef = CE2092871B93EFED008C32BE /* CFNetwork.framework */; };
		CE20928A1B93EFF5008C32BE /* CoreGraphics.framework in Frameworks */ = {isa = PBXBuildFile; fileRef = CE2092891B93EFF5008C32BE /* CoreGraphics.framework */; };
		CE20928C1B93EFFD008C32BE /* CoreLocation.framework in Frameworks */ = {isa = PBXBuildFile; fileRef = CE20928B1B93EFFD008C32BE /* CoreLocation.framework */; };
		CE20928E1B93F005008C32BE /* MobileCoreServices.framework in Frameworks */ = {isa = PBXBuildFile; fileRef = CE20928D1B93F005008C32BE /* MobileCoreServices.framework */; };
		CE2092901B93F014008C32BE /* QuartzCore.framework in Frameworks */ = {isa = PBXBuildFile; fileRef = CE20928F1B93F014008C32BE /* QuartzCore.framework */; };
		CE2092921B93F01D008C32BE /* Security.framework in Frameworks */ = {isa = PBXBuildFile; fileRef = CE2092911B93F01D008C32BE /* Security.framework */; };
		CE2092941B93F022008C32BE /* StoreKit.framework in Frameworks */ = {isa = PBXBuildFile; fileRef = CE2092931B93F022008C32BE /* StoreKit.framework */; };
		CE2092961B93F028008C32BE /* SystemConfiguration.framework in Frameworks */ = {isa = PBXBuildFile; fileRef = CE2092951B93F028008C32BE /* SystemConfiguration.framework */; };
		CE2092981B93F03E008C32BE /* libz.dylib in Frameworks */ = {isa = PBXBuildFile; fileRef = CE2092971B93F03E008C32BE /* libz.dylib */; };
		CE20929A1B93F05A008C32BE /* libsqlite3.dylib in Frameworks */ = {isa = PBXBuildFile; fileRef = CE2092991B93F05A008C32BE /* libsqlite3.dylib */; };
		CE6B4C111B86690A00488613 /* AppDelegate.swift in Sources */ = {isa = PBXBuildFile; fileRef = CE6B4C101B86690A00488613 /* AppDelegate.swift */; };
		CE6B4C141B86690A00488613 /* BitDate.xcdatamodeld in Sources */ = {isa = PBXBuildFile; fileRef = CE6B4C121B86690A00488613 /* BitDate.xcdatamodeld */; };
		CE6B4C161B86690A00488613 /* ViewController.swift in Sources */ = {isa = PBXBuildFile; fileRef = CE6B4C151B86690A00488613 /* ViewController.swift */; };
		CE6B4C191B86690A00488613 /* Main.storyboard in Resources */ = {isa = PBXBuildFile; fileRef = CE6B4C171B86690A00488613 /* Main.storyboard */; };
		CE6B4C1B1B86690A00488613 /* Images.xcassets in Resources */ = {isa = PBXBuildFile; fileRef = CE6B4C1A1B86690A00488613 /* Images.xcassets */; };
		CE6B4C1E1B86690A00488613 /* LaunchScreen.xib in Resources */ = {isa = PBXBuildFile; fileRef = CE6B4C1C1B86690A00488613 /* LaunchScreen.xib */; };
		CE6B4C2A1B86690A00488613 /* BitDateTests.swift in Sources */ = {isa = PBXBuildFile; fileRef = CE6B4C291B86690A00488613 /* BitDateTests.swift */; };
		CE6B4C351B879C2600488613 /* CardView.swift in Sources */ = {isa = PBXBuildFile; fileRef = CE6B4C341B879C2600488613 /* CardView.swift */; };
		CE6B4C371B87BC7600488613 /* SwipeView.swift in Sources */ = {isa = PBXBuildFile; fileRef = CE6B4C361B87BC7600488613 /* SwipeView.swift */; };
		CEDD12B51B9F4A520050A1F2 /* MatchesTableViewController.swift in Sources */ = {isa = PBXBuildFile; fileRef = CEDD12B41B9F4A520050A1F2 /* MatchesTableViewController.swift */; };
		CEDD12B71B9F4C9F0050A1F2 /* UserCell.swift in Sources */ = {isa = PBXBuildFile; fileRef = CEDD12B61B9F4C9F0050A1F2 /* UserCell.swift */; };
		CEDD12B91B9FB8060050A1F2 /* Match.swift in Sources */ = {isa = PBXBuildFile; fileRef = CEDD12B81B9FB8060050A1F2 /* Match.swift */; };
		CEDD12BB1BA091690050A1F2 /* ChatViewController.swift in Sources */ = {isa = PBXBuildFile; fileRef = CEDD12BA1BA091690050A1F2 /* ChatViewController.swift */; };
		CEDD12BD1BA372350050A1F2 /* libicucore.dylib in Frameworks */ = {isa = PBXBuildFile; fileRef = CEDD12BC1BA372350050A1F2 /* libicucore.dylib */; };
		CEDD12BF1BA3725A0050A1F2 /* libc++.dylib in Frameworks */ = {isa = PBXBuildFile; fileRef = CEDD12BE1BA3725A0050A1F2 /* libc++.dylib */; };
		CEDD12C11BA373B50050A1F2 /* Message.swift in Sources */ = {isa = PBXBuildFile; fileRef = CEDD12C01BA373B50050A1F2 /* Message.swift */; };
/* End PBXBuildFile section */

/* Begin PBXContainerItemProxy section */
		CE6B4C241B86690A00488613 /* PBXContainerItemProxy */ = {
			isa = PBXContainerItemProxy;
			containerPortal = CE6B4C031B86690900488613 /* Project object */;
			proxyType = 1;
			remoteGlobalIDString = CE6B4C0A1B86690A00488613;
			remoteInfo = BitDate;
		};
/* End PBXContainerItemProxy section */

/* Begin PBXFileReference section */
		0E98AA3CD95C27B942636A2A /* libPods.a */ = {isa = PBXFileReference; explicitFileType = archive.ar; includeInIndex = 0; path = libPods.a; sourceTree = BUILT_PRODUCTS_DIR; };
		3F2A4EA17BBE840BD0796A92 /* Pods.release.xcconfig */ = {isa = PBXFileReference; includeInIndex = 1; lastKnownFileType = text.xcconfig; name = Pods.release.xcconfig; path = "Pods/Target Support Files/Pods/Pods.release.xcconfig"; sourceTree = "<group>"; };
		CE0BE6801B97979A00071CF7 /* Bridging-Header.h */ = {isa = PBXFileReference; lastKnownFileType = sourcecode.c.h; name = "Bridging-Header.h"; path = "../Bridging-Header.h"; sourceTree = "<group>"; };
		CE0BE6811B97A2FC00071CF7 /* LoginViewController.swift */ = {isa = PBXFileReference; fileEncoding = 4; lastKnownFileType = sourcecode.swift; path = LoginViewController.swift; sourceTree = "<group>"; };
		CE0BE6831B99AE2B00071CF7 /* Default-568h@2x.png */ = {isa = PBXFileReference; lastKnownFileType = image.png; path = "Default-568h@2x.png"; sourceTree = "<group>"; };
		CE0BE6861B9A05A200071CF7 /* User.swift */ = {isa = PBXFileReference; fileEncoding = 4; lastKnownFileType = sourcecode.swift; path = User.swift; sourceTree = "<group>"; };
		CE0BE6881B9A098A00071CF7 /* ProfileViewController.swift */ = {isa = PBXFileReference; fileEncoding = 4; lastKnownFileType = sourcecode.swift; path = ProfileViewController.swift; sourceTree = "<group>"; };
		CE20927C1B8E21B2008C32BE /* CardsViewController.swift */ = {isa = PBXFileReference; fileEncoding = 4; lastKnownFileType = sourcecode.swift; name = CardsViewController.swift; path = ../CardsViewController.swift; sourceTree = "<group>"; };
		CE20927F1B93EFA1008C32BE /* Bolts.framework */ = {isa = PBXFileReference; lastKnownFileType = wrapper.framework; path = Bolts.framework; sourceTree = "<group>"; };
		CE2092801B93EFA1008C32BE /* Parse.framework */ = {isa = PBXFileReference; lastKnownFileType = wrapper.framework; path = Parse.framework; sourceTree = "<group>"; };
		CE2092811B93EFA1008C32BE /* ParseFacebookUtils.framework */ = {isa = PBXFileReference; lastKnownFileType = wrapper.framework; path = ParseFacebookUtils.framework; sourceTree = "<group>"; };
		CE2092851B93EFDC008C32BE /* AudioToolbox.framework */ = {isa = PBXFileReference; lastKnownFileType = wrapper.framework; name = AudioToolbox.framework; path = System/Library/Frameworks/AudioToolbox.framework; sourceTree = SDKROOT; };
		CE2092871B93EFED008C32BE /* CFNetwork.framework */ = {isa = PBXFileReference; lastKnownFileType = wrapper.framework; name = CFNetwork.framework; path = System/Library/Frameworks/CFNetwork.framework; sourceTree = SDKROOT; };
		CE2092891B93EFF5008C32BE /* CoreGraphics.framework */ = {isa = PBXFileReference; lastKnownFileType = wrapper.framework; name = CoreGraphics.framework; path = System/Library/Frameworks/CoreGraphics.framework; sourceTree = SDKROOT; };
		CE20928B1B93EFFD008C32BE /* CoreLocation.framework */ = {isa = PBXFileReference; lastKnownFileType = wrapper.framework; name = CoreLocation.framework; path = System/Library/Frameworks/CoreLocation.framework; sourceTree = SDKROOT; };
		CE20928D1B93F005008C32BE /* MobileCoreServices.framework */ = {isa = PBXFileReference; lastKnownFileType = wrapper.framework; name = MobileCoreServices.framework; path = System/Library/Frameworks/MobileCoreServices.framework; sourceTree = SDKROOT; };
		CE20928F1B93F014008C32BE /* QuartzCore.framework */ = {isa = PBXFileReference; lastKnownFileType = wrapper.framework; name = QuartzCore.framework; path = System/Library/Frameworks/QuartzCore.framework; sourceTree = SDKROOT; };
		CE2092911B93F01D008C32BE /* Security.framework */ = {isa = PBXFileReference; lastKnownFileType = wrapper.framework; name = Security.framework; path = System/Library/Frameworks/Security.framework; sourceTree = SDKROOT; };
		CE2092931B93F022008C32BE /* StoreKit.framework */ = {isa = PBXFileReference; lastKnownFileType = wrapper.framework; name = StoreKit.framework; path = System/Library/Frameworks/StoreKit.framework; sourceTree = SDKROOT; };
		CE2092951B93F028008C32BE /* SystemConfiguration.framework */ = {isa = PBXFileReference; lastKnownFileType = wrapper.framework; name = SystemConfiguration.framework; path = System/Library/Frameworks/SystemConfiguration.framework; sourceTree = SDKROOT; };
		CE2092971B93F03E008C32BE /* libz.dylib */ = {isa = PBXFileReference; lastKnownFileType = "compiled.mach-o.dylib"; name = libz.dylib; path = usr/lib/libz.dylib; sourceTree = SDKROOT; };
		CE2092991B93F05A008C32BE /* libsqlite3.dylib */ = {isa = PBXFileReference; lastKnownFileType = "compiled.mach-o.dylib"; name = libsqlite3.dylib; path = usr/lib/libsqlite3.dylib; sourceTree = SDKROOT; };
		CE6B4C0B1B86690A00488613 /* BitDate.app */ = {isa = PBXFileReference; explicitFileType = wrapper.application; includeInIndex = 0; path = BitDate.app; sourceTree = BUILT_PRODUCTS_DIR; };
		CE6B4C0F1B86690A00488613 /* Info.plist */ = {isa = PBXFileReference; lastKnownFileType = text.plist.xml; path = Info.plist; sourceTree = "<group>"; };
		CE6B4C101B86690A00488613 /* AppDelegate.swift */ = {isa = PBXFileReference; lastKnownFileType = sourcecode.swift; path = AppDelegate.swift; sourceTree = "<group>"; };
		CE6B4C131B86690A00488613 /* BitDate.xcdatamodel */ = {isa = PBXFileReference; lastKnownFileType = wrapper.xcdatamodel; path = BitDate.xcdatamodel; sourceTree = "<group>"; };
		CE6B4C151B86690A00488613 /* ViewController.swift */ = {isa = PBXFileReference; lastKnownFileType = sourcecode.swift; path = ViewController.swift; sourceTree = "<group>"; };
		CE6B4C181B86690A00488613 /* Base */ = {isa = PBXFileReference; lastKnownFileType = file.storyboard; name = Base; path = Base.lproj/Main.storyboard; sourceTree = "<group>"; };
		CE6B4C1A1B86690A00488613 /* Images.xcassets */ = {isa = PBXFileReference; lastKnownFileType = folder.assetcatalog; path = Images.xcassets; sourceTree = "<group>"; };
		CE6B4C1D1B86690A00488613 /* Base */ = {isa = PBXFileReference; lastKnownFileType = file.xib; name = Base; path = Base.lproj/LaunchScreen.xib; sourceTree = "<group>"; };
		CE6B4C231B86690A00488613 /* BitDateTests.xctest */ = {isa = PBXFileReference; explicitFileType = wrapper.cfbundle; includeInIndex = 0; path = BitDateTests.xctest; sourceTree = BUILT_PRODUCTS_DIR; };
		CE6B4C291B86690A00488613 /* BitDateTests.swift */ = {isa = PBXFileReference; lastKnownFileType = sourcecode.swift; path = BitDateTests.swift; sourceTree = "<group>"; };
		CE6B4C341B879C2600488613 /* CardView.swift */ = {isa = PBXFileReference; fileEncoding = 4; lastKnownFileType = sourcecode.swift; path = CardView.swift; sourceTree = "<group>"; };
		CE6B4C361B87BC7600488613 /* SwipeView.swift */ = {isa = PBXFileReference; fileEncoding = 4; lastKnownFileType = sourcecode.swift; name = SwipeView.swift; path = BitDate/SwipeView.swift; sourceTree = "<group>"; };
		CEDD12B41B9F4A520050A1F2 /* MatchesTableViewController.swift */ = {isa = PBXFileReference; fileEncoding = 4; lastKnownFileType = sourcecode.swift; path = MatchesTableViewController.swift; sourceTree = "<group>"; };
		CEDD12B61B9F4C9F0050A1F2 /* UserCell.swift */ = {isa = PBXFileReference; fileEncoding = 4; lastKnownFileType = sourcecode.swift; path = UserCell.swift; sourceTree = "<group>"; };
		CEDD12B81B9FB8060050A1F2 /* Match.swift */ = {isa = PBXFileReference; fileEncoding = 4; lastKnownFileType = sourcecode.swift; path = Match.swift; sourceTree = "<group>"; };
		CEDD12BA1BA091690050A1F2 /* ChatViewController.swift */ = {isa = PBXFileReference; fileEncoding = 4; lastKnownFileType = sourcecode.swift; path = ChatViewController.swift; sourceTree = "<group>"; };
		CEDD12BC1BA372350050A1F2 /* libicucore.dylib */ = {isa = PBXFileReference; lastKnownFileType = "compiled.mach-o.dylib"; name = libicucore.dylib; path = usr/lib/libicucore.dylib; sourceTree = SDKROOT; };
		CEDD12BE1BA3725A0050A1F2 /* libc++.dylib */ = {isa = PBXFileReference; lastKnownFileType = "compiled.mach-o.dylib"; name = "libc++.dylib"; path = "usr/lib/libc++.dylib"; sourceTree = SDKROOT; };
		CEDD12C01BA373B50050A1F2 /* Message.swift */ = {isa = PBXFileReference; fileEncoding = 4; lastKnownFileType = sourcecode.swift; path = Message.swift; sourceTree = "<group>"; };
		D41DC5D6BBA8CBCC42741DA7 /* Pods.debug.xcconfig */ = {isa = PBXFileReference; includeInIndex = 1; lastKnownFileType = text.xcconfig; name = Pods.debug.xcconfig; path = "Pods/Target Support Files/Pods/Pods.debug.xcconfig"; sourceTree = "<group>"; };
/* End PBXFileReference section */

/* Begin PBXFrameworksBuildPhase section */
		CE6B4C081B86690A00488613 /* Frameworks */ = {
			isa = PBXFrameworksBuildPhase;
			buildActionMask = 2147483647;
			files = (
				CEDD12BF1BA3725A0050A1F2 /* libc++.dylib in Frameworks */,
				CEDD12BD1BA372350050A1F2 /* libicucore.dylib in Frameworks */,
				CE20929A1B93F05A008C32BE /* libsqlite3.dylib in Frameworks */,
				CE2092981B93F03E008C32BE /* libz.dylib in Frameworks */,
				CE2092961B93F028008C32BE /* SystemConfiguration.framework in Frameworks */,
				CE2092941B93F022008C32BE /* StoreKit.framework in Frameworks */,
				CE2092921B93F01D008C32BE /* Security.framework in Frameworks */,
				CE2092901B93F014008C32BE /* QuartzCore.framework in Frameworks */,
				CE20928E1B93F005008C32BE /* MobileCoreServices.framework in Frameworks */,
				CE20928C1B93EFFD008C32BE /* CoreLocation.framework in Frameworks */,
				CE20928A1B93EFF5008C32BE /* CoreGraphics.framework in Frameworks */,
				CE2092881B93EFED008C32BE /* CFNetwork.framework in Frameworks */,
				CE2092861B93EFDC008C32BE /* AudioToolbox.framework in Frameworks */,
				CE2092831B93EFA1008C32BE /* Parse.framework in Frameworks */,
				CE2092841B93EFA1008C32BE /* ParseFacebookUtils.framework in Frameworks */,
				3E9E45DD5CBE517764D7088E /* libPods.a in Frameworks */,
			);
			runOnlyForDeploymentPostprocessing = 0;
		};
		CE6B4C201B86690A00488613 /* Frameworks */ = {
			isa = PBXFrameworksBuildPhase;
			buildActionMask = 2147483647;
			files = (
			);
			runOnlyForDeploymentPostprocessing = 0;
		};
/* End PBXFrameworksBuildPhase section */

/* Begin PBXGroup section */
		CE0BE67E1B977A9E00071CF7 /* Supporting Files */ = {
			isa = PBXGroup;
			children = (
			);
			name = "Supporting Files";
			path = ../BitDate;
			sourceTree = "<group>";
		};
		CE0BE6851B9A057600071CF7 /* Data */ = {
			isa = PBXGroup;
			children = (
				CE0BE6861B9A05A200071CF7 /* User.swift */,
				CEDD12B81B9FB8060050A1F2 /* Match.swift */,
				CEDD12C01BA373B50050A1F2 /* Message.swift */,
			);
			name = Data;
			sourceTree = "<group>";
		};
		CE20927B1B8E214C008C32BE /* ViewControllers */ = {
			isa = PBXGroup;
			children = (
				CE6B4C151B86690A00488613 /* ViewController.swift */,
				CE0BE6811B97A2FC00071CF7 /* LoginViewController.swift */,
				CE20927C1B8E21B2008C32BE /* CardsViewController.swift */,
				CE0BE6881B9A098A00071CF7 /* ProfileViewController.swift */,
				CEDD12B41B9F4A520050A1F2 /* MatchesTableViewController.swift */,
				CEDD12BA1BA091690050A1F2 /* ChatViewController.swift */,
			);
			name = ViewControllers;
			sourceTree = "<group>";
		};
		CE20927E1B93EF39008C32BE /* Frameworks */ = {
			isa = PBXGroup;
			children = (
				CEDD12BE1BA3725A0050A1F2 /* libc++.dylib */,
				CEDD12BC1BA372350050A1F2 /* libicucore.dylib */,
				CE2092991B93F05A008C32BE /* libsqlite3.dylib */,
				CE2092971B93F03E008C32BE /* libz.dylib */,
				CE2092951B93F028008C32BE /* SystemConfiguration.framework */,
				CE2092931B93F022008C32BE /* StoreKit.framework */,
				CE2092911B93F01D008C32BE /* Security.framework */,
				CE20928F1B93F014008C32BE /* QuartzCore.framework */,
				CE20928D1B93F005008C32BE /* MobileCoreServices.framework */,
				CE20928B1B93EFFD008C32BE /* CoreLocation.framework */,
				CE2092891B93EFF5008C32BE /* CoreGraphics.framework */,
				CE2092871B93EFED008C32BE /* CFNetwork.framework */,
				CE2092851B93EFDC008C32BE /* AudioToolbox.framework */,
				CE20927F1B93EFA1008C32BE /* Bolts.framework */,
				CE2092801B93EFA1008C32BE /* Parse.framework */,
				CE2092811B93EFA1008C32BE /* ParseFacebookUtils.framework */,
				0E98AA3CD95C27B942636A2A /* libPods.a */,
			);
			name = Frameworks;
			path = BitDate;
			sourceTree = "<group>";
		};
		CE6B4C021B86690900488613 = {
			isa = PBXGroup;
			children = (
				CE0BE6831B99AE2B00071CF7 /* Default-568h@2x.png */,
				CE6B4C0D1B86690A00488613 /* BitDate */,
				CE6B4C261B86690A00488613 /* BitDateTests */,
				CE20927E1B93EF39008C32BE /* Frameworks */,
				DE5E42B8DD41C56EC77C6D02 /* Pods */,
			);
			sourceTree = "<group>";
		};
		CE6B4C0C1B86690A00488613 /* Products */ = {
			isa = PBXGroup;
			children = (
				CE6B4C0B1B86690A00488613 /* BitDate.app */,
				CE6B4C231B86690A00488613 /* BitDateTests.xctest */,
			);
			name = Products;
			path = ..;
			sourceTree = "<group>";
		};
		CE6B4C0D1B86690A00488613 /* BitDate */ = {
			isa = PBXGroup;
			children = (
				CE20927B1B8E214C008C32BE /* ViewControllers */,
				CE6B4C331B879BAF00488613 /* Views */,
				CE6B4C101B86690A00488613 /* AppDelegate.swift */,
				CE0BE6851B9A057600071CF7 /* Data */,
				CE6B4C171B86690A00488613 /* Main.storyboard */,
				CE6B4C1A1B86690A00488613 /* Images.xcassets */,
				CE6B4C1C1B86690A00488613 /* LaunchScreen.xib */,
				CE6B4C121B86690A00488613 /* BitDate.xcdatamodeld */,
				CE6B4C0E1B86690A00488613 /* Supporting Files */,
			);
			path = BitDate;
			sourceTree = "<group>";
		};
		CE6B4C0E1B86690A00488613 /* Supporting Files */ = {
			isa = PBXGroup;
			children = (
				CE6B4C0F1B86690A00488613 /* Info.plist */,
				CE0BE6801B97979A00071CF7 /* Bridging-Header.h */,
			);
			name = "Supporting Files";
			sourceTree = "<group>";
		};
		CE6B4C261B86690A00488613 /* BitDateTests */ = {
			isa = PBXGroup;
			children = (
				CE0BE67E1B977A9E00071CF7 /* Supporting Files */,
				CE6B4C0C1B86690A00488613 /* Products */,
				CE6B4C291B86690A00488613 /* BitDateTests.swift */,
			);
			path = BitDateTests;
			sourceTree = "<group>";
		};
		CE6B4C331B879BAF00488613 /* Views */ = {
			isa = PBXGroup;
			children = (
				CE6B4C361B87BC7600488613 /* SwipeView.swift */,
				CEDD12B61B9F4C9F0050A1F2 /* UserCell.swift */,
				CE6B4C341B879C2600488613 /* CardView.swift */,
			);
			name = Views;
			path = ..;
			sourceTree = "<group>";
		};
		DE5E42B8DD41C56EC77C6D02 /* Pods */ = {
			isa = PBXGroup;
			children = (
				D41DC5D6BBA8CBCC42741DA7 /* Pods.debug.xcconfig */,
				3F2A4EA17BBE840BD0796A92 /* Pods.release.xcconfig */,
			);
			name = Pods;
			sourceTree = "<group>";
		};
/* End PBXGroup section */

/* Begin PBXNativeTarget section */
		CE6B4C0A1B86690A00488613 /* BitDate */ = {
			isa = PBXNativeTarget;
			buildConfigurationList = CE6B4C2D1B86690A00488613 /* Build configuration list for PBXNativeTarget "BitDate" */;
			buildPhases = (
				D9B92C4F15D54AAD18141F2C /* Check Pods Manifest.lock */,
				CE6B4C071B86690A00488613 /* Sources */,
				CE6B4C081B86690A00488613 /* Frameworks */,
				CE6B4C091B86690A00488613 /* Resources */,
				0B0947BD15F840168C632498 /* Copy Pods Resources */,
			);
			buildRules = (
			);
			dependencies = (
			);
			name = BitDate;
			productName = BitDate;
			productReference = CE6B4C0B1B86690A00488613 /* BitDate.app */;
			productType = "com.apple.product-type.application";
		};
		CE6B4C221B86690A00488613 /* BitDateTests */ = {
			isa = PBXNativeTarget;
			buildConfigurationList = CE6B4C301B86690A00488613 /* Build configuration list for PBXNativeTarget "BitDateTests" */;
			buildPhases = (
				CE6B4C1F1B86690A00488613 /* Sources */,
				CE6B4C201B86690A00488613 /* Frameworks */,
				CE6B4C211B86690A00488613 /* Resources */,
			);
			buildRules = (
			);
			dependencies = (
				CE6B4C251B86690A00488613 /* PBXTargetDependency */,
			);
			name = BitDateTests;
			productName = BitDateTests;
			productReference = CE6B4C231B86690A00488613 /* BitDateTests.xctest */;
			productType = "com.apple.product-type.bundle.unit-test";
		};
/* End PBXNativeTarget section */

/* Begin PBXProject section */
		CE6B4C031B86690900488613 /* Project object */ = {
			isa = PBXProject;
			attributes = {
				LastUpgradeCheck = 0640;
				ORGANIZATIONNAME = Wub.com;
				TargetAttributes = {
					CE6B4C0A1B86690A00488613 = {
						CreatedOnToolsVersion = 6.4;
						DevelopmentTeam = 78AUZN5DAX;
					};
					CE6B4C221B86690A00488613 = {
						CreatedOnToolsVersion = 6.4;
						TestTargetID = CE6B4C0A1B86690A00488613;
					};
				};
			};
			buildConfigurationList = CE6B4C061B86690900488613 /* Build configuration list for PBXProject "BitDate" */;
			compatibilityVersion = "Xcode 3.2";
			developmentRegion = English;
			hasScannedForEncodings = 0;
			knownRegions = (
				en,
				Base,
			);
			mainGroup = CE6B4C021B86690900488613;
			productRefGroup = CE6B4C0C1B86690A00488613 /* Products */;
			projectDirPath = "";
			projectRoot = "";
			targets = (
				CE6B4C0A1B86690A00488613 /* BitDate */,
				CE6B4C221B86690A00488613 /* BitDateTests */,
			);
		};
/* End PBXProject section */

/* Begin PBXResourcesBuildPhase section */
		CE6B4C091B86690A00488613 /* Resources */ = {
			isa = PBXResourcesBuildPhase;
			buildActionMask = 2147483647;
			files = (
				CE6B4C191B86690A00488613 /* Main.storyboard in Resources */,
				CE0BE6841B99AE2B00071CF7 /* Default-568h@2x.png in Resources */,
				CE6B4C1E1B86690A00488613 /* LaunchScreen.xib in Resources */,
				CE6B4C1B1B86690A00488613 /* Images.xcassets in Resources */,
			);
			runOnlyForDeploymentPostprocessing = 0;
		};
		CE6B4C211B86690A00488613 /* Resources */ = {
			isa = PBXResourcesBuildPhase;
			buildActionMask = 2147483647;
			files = (
			);
			runOnlyForDeploymentPostprocessing = 0;
		};
/* End PBXResourcesBuildPhase section */

/* Begin PBXShellScriptBuildPhase section */
		0B0947BD15F840168C632498 /* Copy Pods Resources */ = {
			isa = PBXShellScriptBuildPhase;
			buildActionMask = 2147483647;
			files = (
			);
			inputPaths = (
			);
			name = "Copy Pods Resources";
			outputPaths = (
			);
			runOnlyForDeploymentPostprocessing = 0;
			shellPath = /bin/sh;
			shellScript = "\"${SRCROOT}/Pods/Target Support Files/Pods/Pods-resources.sh\"\n";
			showEnvVarsInLog = 0;
		};
		D9B92C4F15D54AAD18141F2C /* Check Pods Manifest.lock */ = {
			isa = PBXShellScriptBuildPhase;
			buildActionMask = 2147483647;
			files = (
			);
			inputPaths = (
			);
			name = "Check Pods Manifest.lock";
			outputPaths = (
			);
			runOnlyForDeploymentPostprocessing = 0;
			shellPath = /bin/sh;
			shellScript = "diff \"${PODS_ROOT}/../Podfile.lock\" \"${PODS_ROOT}/Manifest.lock\" > /dev/null\nif [[ $? != 0 ]] ; then\n    cat << EOM\nerror: The sandbox is not in sync with the Podfile.lock. Run 'pod install' or update your CocoaPods installation.\nEOM\n    exit 1\nfi\n";
			showEnvVarsInLog = 0;
		};
/* End PBXShellScriptBuildPhase section */

/* Begin PBXSourcesBuildPhase section */
		CE6B4C071B86690A00488613 /* Sources */ = {
			isa = PBXSourcesBuildPhase;
			buildActionMask = 2147483647;
			files = (
				CE0BE6821B97A2FC00071CF7 /* LoginViewController.swift in Sources */,
				CE6B4C161B86690A00488613 /* ViewController.swift in Sources */,
				CE6B4C111B86690A00488613 /* AppDelegate.swift in Sources */,
				CE20927D1B8E21B2008C32BE /* CardsViewController.swift in Sources */,
				CEDD12B51B9F4A520050A1F2 /* MatchesTableViewController.swift in Sources */,
				CE0BE6871B9A05A200071CF7 /* User.swift in Sources */,
				CE6B4C351B879C2600488613 /* CardView.swift in Sources */,
				CE0BE6891B9A098A00071CF7 /* ProfileViewController.swift in Sources */,
				CE6B4C371B87BC7600488613 /* SwipeView.swift in Sources */,
				CEDD12BB1BA091690050A1F2 /* ChatViewController.swift in Sources */,
				CEDD12B71B9F4C9F0050A1F2 /* UserCell.swift in Sources */,
				CE6B4C141B86690A00488613 /* BitDate.xcdatamodeld in Sources */,
				CEDD12B91B9FB8060050A1F2 /* Match.swift in Sources */,
				CEDD12C11BA373B50050A1F2 /* Message.swift in Sources */,
			);
			runOnlyForDeploymentPostprocessing = 0;
		};
		CE6B4C1F1B86690A00488613 /* Sources */ = {
			isa = PBXSourcesBuildPhase;
			buildActionMask = 2147483647;
			files = (
				CE6B4C2A1B86690A00488613 /* BitDateTests.swift in Sources */,
			);
			runOnlyForDeploymentPostprocessing = 0;
		};
/* End PBXSourcesBuildPhase section */

/* Begin PBXTargetDependency section */
		CE6B4C251B86690A00488613 /* PBXTargetDependency */ = {
			isa = PBXTargetDependency;
			target = CE6B4C0A1B86690A00488613 /* BitDate */;
			targetProxy = CE6B4C241B86690A00488613 /* PBXContainerItemProxy */;
		};
/* End PBXTargetDependency section */

/* Begin PBXVariantGroup section */
		CE6B4C171B86690A00488613 /* Main.storyboard */ = {
			isa = PBXVariantGroup;
			children = (
				CE6B4C181B86690A00488613 /* Base */,
			);
			name = Main.storyboard;
			sourceTree = "<group>";
		};
		CE6B4C1C1B86690A00488613 /* LaunchScreen.xib */ = {
			isa = PBXVariantGroup;
			children = (
				CE6B4C1D1B86690A00488613 /* Base */,
			);
			name = LaunchScreen.xib;
			sourceTree = "<group>";
		};
/* End PBXVariantGroup section */

/* Begin XCBuildConfiguration section */
		CE6B4C2B1B86690A00488613 /* Debug */ = {
			isa = XCBuildConfiguration;
			buildSettings = {
				ALWAYS_SEARCH_USER_PATHS = NO;
				CLANG_CXX_LANGUAGE_STANDARD = "gnu++0x";
				CLANG_CXX_LIBRARY = "libc++";
				CLANG_ENABLE_MODULES = YES;
				CLANG_ENABLE_OBJC_ARC = YES;
				CLANG_WARN_BOOL_CONVERSION = YES;
				CLANG_WARN_CONSTANT_CONVERSION = YES;
				CLANG_WARN_DIRECT_OBJC_ISA_USAGE = YES_ERROR;
				CLANG_WARN_EMPTY_BODY = YES;
				CLANG_WARN_ENUM_CONVERSION = YES;
				CLANG_WARN_INT_CONVERSION = YES;
				CLANG_WARN_OBJC_ROOT_CLASS = YES_ERROR;
				CLANG_WARN_UNREACHABLE_CODE = YES;
				CLANG_WARN__DUPLICATE_METHOD_MATCH = YES;
				"CODE_SIGN_IDENTITY[sdk=iphoneos*]" = "iPhone Developer";
				COPY_PHASE_STRIP = NO;
				DEBUG_INFORMATION_FORMAT = "dwarf-with-dsym";
				ENABLE_STRICT_OBJC_MSGSEND = YES;
				GCC_C_LANGUAGE_STANDARD = gnu99;
				GCC_DYNAMIC_NO_PIC = NO;
				GCC_NO_COMMON_BLOCKS = YES;
				GCC_OPTIMIZATION_LEVEL = 0;
				GCC_PREPROCESSOR_DEFINITIONS = (
					"DEBUG=1",
					"$(inherited)",
				);
				GCC_SYMBOLS_PRIVATE_EXTERN = NO;
				GCC_WARN_64_TO_32_BIT_CONVERSION = YES;
				GCC_WARN_ABOUT_RETURN_TYPE = YES_ERROR;
				GCC_WARN_UNDECLARED_SELECTOR = YES;
				GCC_WARN_UNINITIALIZED_AUTOS = YES_AGGRESSIVE;
				GCC_WARN_UNUSED_FUNCTION = YES;
				GCC_WARN_UNUSED_VARIABLE = YES;
				IPHONEOS_DEPLOYMENT_TARGET = 8.0;
				MTL_ENABLE_DEBUG_INFO = YES;
				ONLY_ACTIVE_ARCH = YES;
				SDKROOT = iphoneos;
				SWIFT_OPTIMIZATION_LEVEL = "-Onone";
				TARGETED_DEVICE_FAMILY = "1,2";
			};
			name = Debug;
		};
		CE6B4C2C1B86690A00488613 /* Release */ = {
			isa = XCBuildConfiguration;
			buildSettings = {
				ALWAYS_SEARCH_USER_PATHS = NO;
				CLANG_CXX_LANGUAGE_STANDARD = "gnu++0x";
				CLANG_CXX_LIBRARY = "libc++";
				CLANG_ENABLE_MODULES = YES;
				CLANG_ENABLE_OBJC_ARC = YES;
				CLANG_WARN_BOOL_CONVERSION = YES;
				CLANG_WARN_CONSTANT_CONVERSION = YES;
				CLANG_WARN_DIRECT_OBJC_ISA_USAGE = YES_ERROR;
				CLANG_WARN_EMPTY_BODY = YES;
				CLANG_WARN_ENUM_CONVERSION = YES;
				CLANG_WARN_INT_CONVERSION = YES;
				CLANG_WARN_OBJC_ROOT_CLASS = YES_ERROR;
				CLANG_WARN_UNREACHABLE_CODE = YES;
				CLANG_WARN__DUPLICATE_METHOD_MATCH = YES;
				"CODE_SIGN_IDENTITY[sdk=iphoneos*]" = "iPhone Developer";
				COPY_PHASE_STRIP = NO;
				DEBUG_INFORMATION_FORMAT = "dwarf-with-dsym";
				ENABLE_NS_ASSERTIONS = NO;
				ENABLE_STRICT_OBJC_MSGSEND = YES;
				GCC_C_LANGUAGE_STANDARD = gnu99;
				GCC_NO_COMMON_BLOCKS = YES;
				GCC_WARN_64_TO_32_BIT_CONVERSION = YES;
				GCC_WARN_ABOUT_RETURN_TYPE = YES_ERROR;
				GCC_WARN_UNDECLARED_SELECTOR = YES;
				GCC_WARN_UNINITIALIZED_AUTOS = YES_AGGRESSIVE;
				GCC_WARN_UNUSED_FUNCTION = YES;
				GCC_WARN_UNUSED_VARIABLE = YES;
				IPHONEOS_DEPLOYMENT_TARGET = 8.0;
				MTL_ENABLE_DEBUG_INFO = NO;
				SDKROOT = iphoneos;
				TARGETED_DEVICE_FAMILY = "1,2";
				VALIDATE_PRODUCT = YES;
			};
			name = Release;
		};
		CE6B4C2E1B86690A00488613 /* Debug */ = {
			isa = XCBuildConfiguration;
			baseConfigurationReference = D41DC5D6BBA8CBCC42741DA7 /* Pods.debug.xcconfig */;
			buildSettings = {
				ASSETCATALOG_COMPILER_APPICON_NAME = AppIcon;
				CODE_SIGN_IDENTITY = "iPhone Developer";
				"CODE_SIGN_IDENTITY[sdk=iphoneos*]" = "iPhone Developer";
				FRAMEWORK_SEARCH_PATHS = (
					"$(inherited)",
					"$(PROJECT_DIR)/BitDate",
				);
				INFOPLIST_FILE = BitDate/Info.plist;
				LD_RUNPATH_SEARCH_PATHS = "$(inherited) @executable_path/Frameworks";
				PRODUCT_NAME = "$(TARGET_NAME)";
				PROVISIONING_PROFILE = "";
				SWIFT_OBJC_BRIDGING_HEADER = "Bridging-Header.h";
			};
			name = Debug;
		};
		CE6B4C2F1B86690A00488613 /* Release */ = {
			isa = XCBuildConfiguration;
			baseConfigurationReference = 3F2A4EA17BBE840BD0796A92 /* Pods.release.xcconfig */;
			buildSettings = {
				ASSETCATALOG_COMPILER_APPICON_NAME = AppIcon;
				CODE_SIGN_IDENTITY = "iPhone Developer";
				"CODE_SIGN_IDENTITY[sdk=iphoneos*]" = "iPhone Developer";
				FRAMEWORK_SEARCH_PATHS = (
					"$(inherited)",
					"$(PROJECT_DIR)/BitDate",
				);
				INFOPLIST_FILE = BitDate/Info.plist;
				LD_RUNPATH_SEARCH_PATHS = "$(inherited) @executable_path/Frameworks";
				PRODUCT_NAME = "$(TARGET_NAME)";
				PROVISIONING_PROFILE = "";
				SWIFT_OBJC_BRIDGING_HEADER = "Bridging-Header.h";
			};
			name = Release;
		};
		CE6B4C311B86690A00488613 /* Debug */ = {
			isa = XCBuildConfiguration;
			buildSettings = {
				BUNDLE_LOADER = "$(TEST_HOST)";
				FRAMEWORK_SEARCH_PATHS = (
					"$(SDKROOT)/Developer/Library/Frameworks",
					"$(inherited)",
				);
				GCC_PREPROCESSOR_DEFINITIONS = (
					"DEBUG=1",
					"$(inherited)",
				);
				INFOPLIST_FILE = BitDateTests/Info.plist;
				LD_RUNPATH_SEARCH_PATHS = "$(inherited) @executable_path/Frameworks @loader_path/Frameworks";
				PRODUCT_NAME = "$(TARGET_NAME)";
				TEST_HOST = "$(BUILT_PRODUCTS_DIR)/BitDate.app/BitDate";
			};
			name = Debug;
		};
		CE6B4C321B86690A00488613 /* Release */ = {
			isa = XCBuildConfiguration;
			buildSettings = {
				BUNDLE_LOADER = "$(TEST_HOST)";
				FRAMEWORK_SEARCH_PATHS = (
					"$(SDKROOT)/Developer/Library/Frameworks",
					"$(inherited)",
				);
				INFOPLIST_FILE = BitDateTests/Info.plist;
				LD_RUNPATH_SEARCH_PATHS = "$(inherited) @executable_path/Frameworks @loader_path/Frameworks";
				PRODUCT_NAME = "$(TARGET_NAME)";
				TEST_HOST = "$(BUILT_PRODUCTS_DIR)/BitDate.app/BitDate";
			};
			name = Release;
		};
/* End XCBuildConfiguration section */

/* Begin XCConfigurationList section */
		CE6B4C061B86690900488613 /* Build configuration list for PBXProject "BitDate" */ = {
			isa = XCConfigurationList;
			buildConfigurations = (
				CE6B4C2B1B86690A00488613 /* Debug */,
				CE6B4C2C1B86690A00488613 /* Release */,
			);
			defaultConfigurationIsVisible = 0;
			defaultConfigurationName = Release;
		};
		CE6B4C2D1B86690A00488613 /* Build configuration list for PBXNativeTarget "BitDate" */ = {
			isa = XCConfigurationList;
			buildConfigurations = (
				CE6B4C2E1B86690A00488613 /* Debug */,
				CE6B4C2F1B86690A00488613 /* Release */,
			);
			defaultConfigurationIsVisible = 0;
			defaultConfigurationName = Release;
		};
		CE6B4C301B86690A00488613 /* Build configuration list for PBXNativeTarget "BitDateTests" */ = {
			isa = XCConfigurationList;
			buildConfigurations = (
				CE6B4C311B86690A00488613 /* Debug */,
				CE6B4C321B86690A00488613 /* Release */,
			);
			defaultConfigurationIsVisible = 0;
			defaultConfigurationName = Release;
		};
/* End XCConfigurationList section */

/* Begin XCVersionGroup section */
		CE6B4C121B86690A00488613 /* BitDate.xcdatamodeld */ = {
			isa = XCVersionGroup;
			children = (
				CE6B4C131B86690A00488613 /* BitDate.xcdatamodel */,
			);
			currentVersion = CE6B4C131B86690A00488613 /* BitDate.xcdatamodel */;
			path = BitDate.xcdatamodeld;
			sourceTree = "<group>";
			versionGroupType = wrapper.xcdatamodel;
		};
/* End XCVersionGroup section */
	};
	rootObject = CE6B4C031B86690900488613 /* Project object */;
}
